<?xml version="1.0" encoding="UTF-8" standalone="yes" ?>
<CodeBlocks_project_file>
	<FileVersion major="1" minor="6" />
	<Project>
		<Option title="Arbi" />
		<Option pch_mode="2" />
		<Option compiler="gcc" />
		<Build>
			<Target title="Debug">
				<Option output="bin/Debug/Arburi" prefix_auto="1" extension_auto="1" />
				<Option object_output="obj/Debug/" />
				<Option type="1" />
				<Option compiler="gcc" />
				<Compiler>
					<Add option="-g" />
				</Compiler>
			</Target>
			<Target title="Release">
				<Option output="bin/Release/Arburi" prefix_auto="1" extension_auto="1" />
				<Option object_output="obj/Release/" />
				<Option type="1" />
				<Option compiler="gcc" />
				<Compiler>
					<Add option="-O2" />
				</Compiler>
				<Linker>
					<Add option="-s" />
				</Linker>
			</Target>
		</Build>
		<Compiler>
			<Add option="-Wall" />
			<Add option="-fexceptions" />
		</Compiler>
		<Unit filename="src/bud.hpp" />
		<Unit filename="src/flower.hpp" />
		<Unit filename="src/leaf.cpp" />
		<Unit filename="src/leaf.hpp" />
		<Unit filename="src/main.cpp" />
		<Unit filename="src/plant.cpp" />
		<Unit filename="src/plant.hpp" />
		<Unit filename="src/plant_part.cpp" />
		<Unit filename="src/plant_part.hpp" />
		<Unit filename="src/pollen.hpp" />
		<Unit filename="src/rule.hpp" />
		<Unit filename="src/stem.cpp" />
		<Unit filename="src/stem.hpp" />
		<Unit filename="src/sun.hpp" />
		<Unit filename="src/turtle.cpp" />
		<Unit filename="src/turtle.hpp" />
		<Unit filename="src/world.hpp" />
		<Extensions>
			<code_completion />
			<envvars />
			<debugger />
		</Extensions>
	</Project>
</CodeBlocks_project_file>
